{
  "name": "backend",
  "version": "1.0.0",
  "lockfileVersion": 3,
  "requires": true,
  "packages": {
    "": {
      "dependencies": {
        "@getbrevo/brevo": "^4.0.1"
      }
    },
    "node_modules/@getbrevo/brevo": {
      "version": "4.0.1",
      "resolved": "https://registry.npmjs.org/@getbrevo/brevo/-/brevo-4.0.1.tgz",
      "integrity": "sha512-U1xOsr5e7pfRTdngrt9VWmPV8SQD/LayTOp55/Wnb4aW33IkBWypDJ8jOpQtxn6xL4t8aBw1thRisvQY4+/Edw==",
      "engines": {
        "node": ">=18.0.0"
      }
    }
  }
}
